
Microsoft Visual Studio Solution File, Format Version 12.00
# Visual Studio Version 16
VisualStudioVersion = 16.0.33927.289
MinimumVisualStudioVersion = 10.0.40219.1
Project("{2150E333-8FDC-42A3-9474-1A3956D46DE8}") = "Task0", "Task0", "{3D48FEF8-551C-4C58-9B03-4481B630CFC8}"
EndProject
Project("{FAE04EC0-301F-11D3-BF4B-00C04F79EFBC}") = "Tyuiu.NikolaichukVS.Sprint6.Task0.V11.Lib", "Tyuiu.NikolaichukVS.Sprint6.Task0.V11.Lib\Tyuiu.NikolaichukVS.Sprint6.Task0.V11.Lib.csproj", "{26E999B1-5DF3-414A-BD51-42452CE42E19}"
EndProject
Project("{FAE04EC0-301F-11D3-BF4B-00C04F79EFBC}") = "Tyuiu.NikolaichukVS.Sprint6.Task0.V11.Test", "Tyuiu.NikolaichukVS.Sprint6.Task0.V11.Test\Tyuiu.NikolaichukVS.Sprint6.Task0.V11.Test.csproj", "{927B4813-02E5-4270-BE19-C7237DEB3F4E}"
EndProject
Project("{FAE04EC0-301F-11D3-BF4B-00C04F79EFBC}") = "Tyuiu.NikolaichukVS.Sprint6.Task0.V11", "Tyuiu.NikolaichukVS.Sprint6.Task0.V11\Tyuiu.NikolaichukVS.Sprint6.Task0.V11.csproj", "{EB8A3BBB-6DB2-48FC-9358-C1F90EF67B90}"
EndProject
Project("{2150E333-8FDC-42A3-9474-1A3956D46DE8}") = "Task1", "Task1", "{A56924EE-173A-48A9-957F-4FD2E82EE8E3}"
EndProject
Project("{FAE04EC0-301F-11D3-BF4B-00C04F79EFBC}") = "Tyuiu.NikolaichukVS.Sprint6.Task1.V29.Lib", "Tyuiu.NikolaichukVS.Sprint6.Task1.V29.Lib\Tyuiu.NikolaichukVS.Sprint6.Task1.V29.Lib.csproj", "{060770A4-BD16-4B4E-801E-531373066CD2}"
EndProject
Project("{FAE04EC0-301F-11D3-BF4B-00C04F79EFBC}") = "Tyuiu.NikolaichukVS.Sprint6.Task1.V29.Test", "Tyuiu.NikolaichukVS.Sprint6.Task1.V29.Test\Tyuiu.NikolaichukVS.Sprint6.Task1.V29.Test.csproj", "{E827A856-4C23-4258-A604-C9CE891FB1F7}"
EndProject
Project("{FAE04EC0-301F-11D3-BF4B-00C04F79EFBC}") = "Tyuiu.NikolaichukVS.Sprint6.Task1.V29", "Tyuiu.NikolaichukVS.Sprint6.Task1.V29\Tyuiu.NikolaichukVS.Sprint6.Task1.V29.csproj", "{8A9D9CAB-9035-4EBD-8DE7-F68726FCF54A}"
EndProject
Project("{2150E333-8FDC-42A3-9474-1A3956D46DE8}") = "task", "task", "{975F5547-F106-4708-A1BB-D8A08E80EF0A}"
EndProject
Project("{FAE04EC0-301F-11D3-BF4B-00C04F79EFBC}") = "Tyuiu.NikolaichukVS", "Tyuiu.NikolaichukVS\Tyuiu.NikolaichukVS.csproj", "{59DE8009-26F9-4377-8369-C8C955D04639}"
EndProject
Global
	GlobalSection(SolutionConfigurationPlatforms) = preSolution
		Debug|Any CPU = Debug|Any CPU
		Release|Any CPU = Release|Any CPU
	EndGlobalSection
	GlobalSection(ProjectConfigurationPlatforms) = postSolution
		{26E999B1-5DF3-414A-BD51-42452CE42E19}.Debug|Any CPU.ActiveCfg = Debug|Any CPU
		{26E999B1-5DF3-414A-BD51-42452CE42E19}.Debug|Any CPU.Build.0 = Debug|Any CPU
		{26E999B1-5DF3-414A-BD51-42452CE42E19}.Release|Any CPU.ActiveCfg = Release|Any CPU
		{26E999B1-5DF3-414A-BD51-42452CE42E19}.Release|Any CPU.Build.0 = Release|Any CPU
		{927B4813-02E5-4270-BE19-C7237DEB3F4E}.Debug|Any CPU.ActiveCfg = Debug|Any CPU
		{927B4813-02E5-4270-BE19-C7237DEB3F4E}.Debug|Any CPU.Build.0 = Debug|Any CPU
		{927B4813-02E5-4270-BE19-C7237DEB3F4E}.Release|Any CPU.ActiveCfg = Release|Any CPU
		{927B4813-02E5-4270-BE19-C7237DEB3F4E}.Release|Any CPU.Build.0 = Release|Any CPU
		{EB8A3BBB-6DB2-48FC-9358-C1F90EF67B90}.Debug|Any CPU.ActiveCfg = Debug|Any CPU
		{EB8A3BBB-6DB2-48FC-9358-C1F90EF67B90}.Debug|Any CPU.Build.0 = Debug|Any CPU
		{EB8A3BBB-6DB2-48FC-9358-C1F90EF67B90}.Release|Any CPU.ActiveCfg = Release|Any CPU
		{EB8A3BBB-6DB2-48FC-9358-C1F90EF67B90}.Release|Any CPU.Build.0 = Release|Any CPU
		{060770A4-BD16-4B4E-801E-531373066CD2}.Debug|Any CPU.ActiveCfg = Debug|Any CPU
		{060770A4-BD16-4B4E-801E-531373066CD2}.Debug|Any CPU.Build.0 = Debug|Any CPU
		{060770A4-BD16-4B4E-801E-531373066CD2}.Release|Any CPU.ActiveCfg = Release|Any CPU
		{060770A4-BD16-4B4E-801E-531373066CD2}.Release|Any CPU.Build.0 = Release|Any CPU
		{E827A856-4C23-4258-A604-C9CE891FB1F7}.Debug|Any CPU.ActiveCfg = Debug|Any CPU
		{E827A856-4C23-4258-A604-C9CE891FB1F7}.Debug|Any CPU.Build.0 = Debug|Any CPU
		{E827A856-4C23-4258-A604-C9CE891FB1F7}.Release|Any CPU.ActiveCfg = Release|Any CPU
		{E827A856-4C23-4258-A604-C9CE891FB1F7}.Release|Any CPU.Build.0 = Release|Any CPU
		{8A9D9CAB-9035-4EBD-8DE7-F68726FCF54A}.Debug|Any CPU.ActiveCfg = Debug|Any CPU
		{8A9D9CAB-9035-4EBD-8DE7-F68726FCF54A}.Debug|Any CPU.Build.0 = Debug|Any CPU
		{8A9D9CAB-9035-4EBD-8DE7-F68726FCF54A}.Release|Any CPU.ActiveCfg = Release|Any CPU
		{8A9D9CAB-9035-4EBD-8DE7-F68726FCF54A}.Release|Any CPU.Build.0 = Release|Any CPU
		{59DE8009-26F9-4377-8369-C8C955D04639}.Debug|Any CPU.ActiveCfg = Debug|Any CPU
		{59DE8009-26F9-4377-8369-C8C955D04639}.Debug|Any CPU.Build.0 = Debug|Any CPU
		{59DE8009-26F9-4377-8369-C8C955D04639}.Release|Any CPU.ActiveCfg = Release|Any CPU
		{59DE8009-26F9-4377-8369-C8C955D04639}.Release|Any CPU.Build.0 = Release|Any CPU
	EndGlobalSection
	GlobalSection(SolutionProperties) = preSolution
		HideSolutionNode = FALSE
	EndGlobalSection
	GlobalSection(NestedProjects) = preSolution
		{26E999B1-5DF3-414A-BD51-42452CE42E19} = {3D48FEF8-551C-4C58-9B03-4481B630CFC8}
		{927B4813-02E5-4270-BE19-C7237DEB3F4E} = {3D48FEF8-551C-4C58-9B03-4481B630CFC8}
		{EB8A3BBB-6DB2-48FC-9358-C1F90EF67B90} = {3D48FEF8-551C-4C58-9B03-4481B630CFC8}
		{060770A4-BD16-4B4E-801E-531373066CD2} = {A56924EE-173A-48A9-957F-4FD2E82EE8E3}
		{E827A856-4C23-4258-A604-C9CE891FB1F7} = {A56924EE-173A-48A9-957F-4FD2E82EE8E3}
		{8A9D9CAB-9035-4EBD-8DE7-F68726FCF54A} = {A56924EE-173A-48A9-957F-4FD2E82EE8E3}
		{59DE8009-26F9-4377-8369-C8C955D04639} = {975F5547-F106-4708-A1BB-D8A08E80EF0A}
	EndGlobalSection
	GlobalSection(ExtensibilityGlobals) = postSolution
		SolutionGuid = {23B29D3B-F3A1-4345-BD3F-8B0671CA94D0}
	EndGlobalSection
EndGlobal
