
Microsoft Visual Studio Solution File, Format Version 12.00
# Visual Studio Version 16
VisualStudioVersion = 16.0.33927.289
MinimumVisualStudioVersion = 10.0.40219.1
Project("{2150E333-8FDC-42A3-9474-1A3956D46DE8}") = "Task0", "Task0", "{3D48FEF8-551C-4C58-9B03-4481B630CFC8}"
EndProject
Project("{FAE04EC0-301F-11D3-BF4B-00C04F79EFBC}") = "Tyuiu.NikolaichukVS.Sprint6.Task0.V11.Lib", "Tyuiu.NikolaichukVS.Sprint6.Task0.V11.Lib\Tyuiu.NikolaichukVS.Sprint6.Task0.V11.Lib.csproj", "{26E999B1-5DF3-414A-BD51-42452CE42E19}"
EndProject
Project("{FAE04EC0-301F-11D3-BF4B-00C04F79EFBC}") = "Tyuiu.NikolaichukVS.Sprint6.Task0.V11.Test", "Tyuiu.NikolaichukVS.Sprint6.Task0.V11.Test\Tyuiu.NikolaichukVS.Sprint6.Task0.V11.Test.csproj", "{927B4813-02E5-4270-BE19-C7237DEB3F4E}"
EndProject
Project("{FAE04EC0-301F-11D3-BF4B-00C04F79EFBC}") = "Tyuiu.NikolaichukVS.Sprint6.Task0.V11", "Tyuiu.NikolaichukVS.Sprint6.Task0.V11\Tyuiu.NikolaichukVS.Sprint6.Task0.V11.csproj", "{EB8A3BBB-6DB2-48FC-9358-C1F90EF67B90}"
EndProject
Project("{2150E333-8FDC-42A3-9474-1A3956D46DE8}") = "Task1", "Task1", "{A56924EE-173A-48A9-957F-4FD2E82EE8E3}"
EndProject
Project("{FAE04EC0-301F-11D3-BF4B-00C04F79EFBC}") = "Tyuiu.NikolaichukVS.Sprint6.Task1.V29.Lib", "Tyuiu.NikolaichukVS.Sprint6.Task1.V29.Lib\Tyuiu.NikolaichukVS.Sprint6.Task1.V29.Lib.csproj", "{060770A4-BD16-4B4E-801E-531373066CD2}"
EndProject
Project("{FAE04EC0-301F-11D3-BF4B-00C04F79EFBC}") = "Tyuiu.NikolaichukVS.Sprint6.Task1.V29.Test", "Tyuiu.NikolaichukVS.Sprint6.Task1.V29.Test\Tyuiu.NikolaichukVS.Sprint6.Task1.V29.Test.csproj", "{E827A856-4C23-4258-A604-C9CE891FB1F7}"
EndProject
Project("{FAE04EC0-301F-11D3-BF4B-00C04F79EFBC}") = "Tyuiu.NikolaichukVS.Sprint6.Task1.V29", "Tyuiu.NikolaichukVS.Sprint6.Task1.V29\Tyuiu.NikolaichukVS.Sprint6.Task1.V29.csproj", "{8A9D9CAB-9035-4EBD-8DE7-F68726FCF54A}"
EndProject
Project("{2150E333-8FDC-42A3-9474-1A3956D46DE8}") = "task", "task", "{975F5547-F106-4708-A1BB-D8A08E80EF0A}"
EndProject
Project("{FAE04EC0-301F-11D3-BF4B-00C04F79EFBC}") = "Tyuiu.NikolaichukVS", "Tyuiu.NikolaichukVS\Tyuiu.NikolaichukVS.csproj", "{59DE8009-26F9-4377-8369-C8C955D04639}"
EndProject
Project("{2150E333-8FDC-42A3-9474-1A3956D46DE8}") = "Task2", "Task2", "{CA8FD359-8E54-4ADE-8214-E001C9E8BE0E}"
EndProject
Project("{FAE04EC0-301F-11D3-BF4B-00C04F79EFBC}") = "Tyuiu.NikolaichukVS.Sprint6.Task2.V10.Lib", "Tyuiu.NikolaichukVS.Sprint6.Task2.V10.Lib\Tyuiu.NikolaichukVS.Sprint6.Task2.V10.Lib.csproj", "{C54A2330-0D6D-4BDB-865D-84F607B0B582}"
EndProject
Project("{FAE04EC0-301F-11D3-BF4B-00C04F79EFBC}") = "Tyuiu.NikolaichukVS.Sprint6.Task2.V10.Test", "Tyuiu.NikolaichukVS.Sprint6.Task2.V10.Test\Tyuiu.NikolaichukVS.Sprint6.Task2.V10.Test.csproj", "{A407151C-F29B-4624-AAA2-C656E2ABBC22}"
EndProject
Project("{FAE04EC0-301F-11D3-BF4B-00C04F79EFBC}") = "Tyuiu.NikolaichukVS.Sprint6.Task2.V10", "Tyuiu.NikolaichukVS.Sprint6.Task2.V10\Tyuiu.NikolaichukVS.Sprint6.Task2.V10.csproj", "{053BDA96-2C2A-473F-9C9F-40931B9D6B83}"
EndProject
Project("{2150E333-8FDC-42A3-9474-1A3956D46DE8}") = "Task3", "Task3", "{E99ABB13-1ECE-4942-BA26-370C3F3F6108}"
EndProject
Project("{FAE04EC0-301F-11D3-BF4B-00C04F79EFBC}") = "Tyuiu.NikolaichukVS.Sprint6.Task3.V24.Lib", "Tyuiu.NikolaichukVS.Sprint6.Task3.V24.Lib\Tyuiu.NikolaichukVS.Sprint6.Task3.V24.Lib.csproj", "{0E92CB38-7F02-4FF7-A2D2-3A60364BA9D6}"
EndProject
Project("{FAE04EC0-301F-11D3-BF4B-00C04F79EFBC}") = "Tyuiu.NikolaichukVS.Sprint6.Task3.V24.Test", "Tyuiu.NikolaichukVS.Sprint6.Task3.V24.Test\Tyuiu.NikolaichukVS.Sprint6.Task3.V24.Test.csproj", "{021C2B7E-96EC-48A9-944E-81DDA4949C70}"
EndProject
Project("{FAE04EC0-301F-11D3-BF4B-00C04F79EFBC}") = "Tyuiu.NikolaichukVS.Sprint6.Task3.V24", "Tyuiu.NikolaichukVS.Sprint6.Task3.V24\Tyuiu.NikolaichukVS.Sprint6.Task3.V24.csproj", "{5C65616D-23EF-408D-BE55-E395A2862E5B}"
EndProject
Project("{2150E333-8FDC-42A3-9474-1A3956D46DE8}") = "Task4", "Task4", "{52D01F24-31E6-49B9-A82E-31A741399B3B}"
EndProject
Project("{FAE04EC0-301F-11D3-BF4B-00C04F79EFBC}") = "Tyuiu.NikolaichukVS.Sprint6.Task4.V27.Test", "Tyuiu.NikolaichukVS.Sprint6.Task4.V27.Test\Tyuiu.NikolaichukVS.Sprint6.Task4.V27.Test.csproj", "{B76F4C10-854D-4D8A-8B17-9F5EF0556D07}"
EndProject
Project("{FAE04EC0-301F-11D3-BF4B-00C04F79EFBC}") = "Tyuiu.NikolaichukVS.Sprint6.Task4.V27.Lib", "Tyuiu.NikolaichukVS.Sprint6.Task4.V27.Lib\Tyuiu.NikolaichukVS.Sprint6.Task4.V27.Lib.csproj", "{3850DA25-1F5C-41FA-8E0D-E506E25E447C}"
EndProject
Project("{FAE04EC0-301F-11D3-BF4B-00C04F79EFBC}") = "Tyuiu.NikolaichukVS.Sprint6.Task4.V27", "Tyuiu.NikolaichukVS.Sprint6.Task4.V27\Tyuiu.NikolaichukVS.Sprint6.Task4.V27.csproj", "{73CE6986-805C-4E50-84EE-7FE59D0DB12B}"
EndProject
Project("{2150E333-8FDC-42A3-9474-1A3956D46DE8}") = "Task5", "Task5", "{938FA0A8-0BC2-4A2F-9DFD-41DE0121D626}"
EndProject
Project("{FAE04EC0-301F-11D3-BF4B-00C04F79EFBC}") = "Tyuiu.NikolaichukVS.Sprint6.Task5.V15.Lib", "Tyuiu.NikolaichukVS.Sprint6.Task5.V15.Lib\Tyuiu.NikolaichukVS.Sprint6.Task5.V15.Lib.csproj", "{E79EB94E-C454-41F1-8451-F0F0AF27B06B}"
EndProject
Project("{FAE04EC0-301F-11D3-BF4B-00C04F79EFBC}") = "Tyuiu.NikolaichukVS.Sprint6.Task5.V15.Test", "Tyuiu.NikolaichukVS.Sprint6.Task5.V15.Test\Tyuiu.NikolaichukVS.Sprint6.Task5.V15.Test.csproj", "{B0E400B6-BAF8-49AE-9CD2-67D739C361EF}"
EndProject
Project("{FAE04EC0-301F-11D3-BF4B-00C04F79EFBC}") = "Tyuiu.NikolaichukVS.Sprint6.Task5.V15", "Tyuiu.NikolaichukVS.Sprint6.Task5.V15\Tyuiu.NikolaichukVS.Sprint6.Task5.V15.csproj", "{1C102CD4-BF14-407A-B03E-8C511315A610}"
EndProject
Global
	GlobalSection(SolutionConfigurationPlatforms) = preSolution
		Debug|Any CPU = Debug|Any CPU
		Release|Any CPU = Release|Any CPU
	EndGlobalSection
	GlobalSection(ProjectConfigurationPlatforms) = postSolution
		{26E999B1-5DF3-414A-BD51-42452CE42E19}.Debug|Any CPU.ActiveCfg = Debug|Any CPU
		{26E999B1-5DF3-414A-BD51-42452CE42E19}.Debug|Any CPU.Build.0 = Debug|Any CPU
		{26E999B1-5DF3-414A-BD51-42452CE42E19}.Release|Any CPU.ActiveCfg = Release|Any CPU
		{26E999B1-5DF3-414A-BD51-42452CE42E19}.Release|Any CPU.Build.0 = Release|Any CPU
		{927B4813-02E5-4270-BE19-C7237DEB3F4E}.Debug|Any CPU.ActiveCfg = Debug|Any CPU
		{927B4813-02E5-4270-BE19-C7237DEB3F4E}.Debug|Any CPU.Build.0 = Debug|Any CPU
		{927B4813-02E5-4270-BE19-C7237DEB3F4E}.Release|Any CPU.ActiveCfg = Release|Any CPU
		{927B4813-02E5-4270-BE19-C7237DEB3F4E}.Release|Any CPU.Build.0 = Release|Any CPU
		{EB8A3BBB-6DB2-48FC-9358-C1F90EF67B90}.Debug|Any CPU.ActiveCfg = Debug|Any CPU
		{EB8A3BBB-6DB2-48FC-9358-C1F90EF67B90}.Debug|Any CPU.Build.0 = Debug|Any CPU
		{EB8A3BBB-6DB2-48FC-9358-C1F90EF67B90}.Release|Any CPU.ActiveCfg = Release|Any CPU
		{EB8A3BBB-6DB2-48FC-9358-C1F90EF67B90}.Release|Any CPU.Build.0 = Release|Any CPU
		{060770A4-BD16-4B4E-801E-531373066CD2}.Debug|Any CPU.ActiveCfg = Debug|Any CPU
		{060770A4-BD16-4B4E-801E-531373066CD2}.Debug|Any CPU.Build.0 = Debug|Any CPU
		{060770A4-BD16-4B4E-801E-531373066CD2}.Release|Any CPU.ActiveCfg = Release|Any CPU
		{060770A4-BD16-4B4E-801E-531373066CD2}.Release|Any CPU.Build.0 = Release|Any CPU
		{E827A856-4C23-4258-A604-C9CE891FB1F7}.Debug|Any CPU.ActiveCfg = Debug|Any CPU
		{E827A856-4C23-4258-A604-C9CE891FB1F7}.Debug|Any CPU.Build.0 = Debug|Any CPU
		{E827A856-4C23-4258-A604-C9CE891FB1F7}.Release|Any CPU.ActiveCfg = Release|Any CPU
		{E827A856-4C23-4258-A604-C9CE891FB1F7}.Release|Any CPU.Build.0 = Release|Any CPU
		{8A9D9CAB-9035-4EBD-8DE7-F68726FCF54A}.Debug|Any CPU.ActiveCfg = Debug|Any CPU
		{8A9D9CAB-9035-4EBD-8DE7-F68726FCF54A}.Debug|Any CPU.Build.0 = Debug|Any CPU
		{8A9D9CAB-9035-4EBD-8DE7-F68726FCF54A}.Release|Any CPU.ActiveCfg = Release|Any CPU
		{8A9D9CAB-9035-4EBD-8DE7-F68726FCF54A}.Release|Any CPU.Build.0 = Release|Any CPU
		{59DE8009-26F9-4377-8369-C8C955D04639}.Debug|Any CPU.ActiveCfg = Debug|Any CPU
		{59DE8009-26F9-4377-8369-C8C955D04639}.Debug|Any CPU.Build.0 = Debug|Any CPU
		{59DE8009-26F9-4377-8369-C8C955D04639}.Release|Any CPU.ActiveCfg = Release|Any CPU
		{59DE8009-26F9-4377-8369-C8C955D04639}.Release|Any CPU.Build.0 = Release|Any CPU
		{C54A2330-0D6D-4BDB-865D-84F607B0B582}.Debug|Any CPU.ActiveCfg = Debug|Any CPU
		{C54A2330-0D6D-4BDB-865D-84F607B0B582}.Debug|Any CPU.Build.0 = Debug|Any CPU
		{C54A2330-0D6D-4BDB-865D-84F607B0B582}.Release|Any CPU.ActiveCfg = Release|Any CPU
		{C54A2330-0D6D-4BDB-865D-84F607B0B582}.Release|Any CPU.Build.0 = Release|Any CPU
		{A407151C-F29B-4624-AAA2-C656E2ABBC22}.Debug|Any CPU.ActiveCfg = Debug|Any CPU
		{A407151C-F29B-4624-AAA2-C656E2ABBC22}.Debug|Any CPU.Build.0 = Debug|Any CPU
		{A407151C-F29B-4624-AAA2-C656E2ABBC22}.Release|Any CPU.ActiveCfg = Release|Any CPU
		{A407151C-F29B-4624-AAA2-C656E2ABBC22}.Release|Any CPU.Build.0 = Release|Any CPU
		{053BDA96-2C2A-473F-9C9F-40931B9D6B83}.Debug|Any CPU.ActiveCfg = Debug|Any CPU
		{053BDA96-2C2A-473F-9C9F-40931B9D6B83}.Debug|Any CPU.Build.0 = Debug|Any CPU
		{053BDA96-2C2A-473F-9C9F-40931B9D6B83}.Release|Any CPU.ActiveCfg = Release|Any CPU
		{053BDA96-2C2A-473F-9C9F-40931B9D6B83}.Release|Any CPU.Build.0 = Release|Any CPU
		{0E92CB38-7F02-4FF7-A2D2-3A60364BA9D6}.Debug|Any CPU.ActiveCfg = Debug|Any CPU
		{0E92CB38-7F02-4FF7-A2D2-3A60364BA9D6}.Debug|Any CPU.Build.0 = Debug|Any CPU
		{0E92CB38-7F02-4FF7-A2D2-3A60364BA9D6}.Release|Any CPU.ActiveCfg = Release|Any CPU
		{0E92CB38-7F02-4FF7-A2D2-3A60364BA9D6}.Release|Any CPU.Build.0 = Release|Any CPU
		{021C2B7E-96EC-48A9-944E-81DDA4949C70}.Debug|Any CPU.ActiveCfg = Debug|Any CPU
		{021C2B7E-96EC-48A9-944E-81DDA4949C70}.Debug|Any CPU.Build.0 = Debug|Any CPU
		{021C2B7E-96EC-48A9-944E-81DDA4949C70}.Release|Any CPU.ActiveCfg = Release|Any CPU
		{021C2B7E-96EC-48A9-944E-81DDA4949C70}.Release|Any CPU.Build.0 = Release|Any CPU
		{5C65616D-23EF-408D-BE55-E395A2862E5B}.Debug|Any CPU.ActiveCfg = Debug|Any CPU
		{5C65616D-23EF-408D-BE55-E395A2862E5B}.Debug|Any CPU.Build.0 = Debug|Any CPU
		{5C65616D-23EF-408D-BE55-E395A2862E5B}.Release|Any CPU.ActiveCfg = Release|Any CPU
		{5C65616D-23EF-408D-BE55-E395A2862E5B}.Release|Any CPU.Build.0 = Release|Any CPU
		{B76F4C10-854D-4D8A-8B17-9F5EF0556D07}.Debug|Any CPU.ActiveCfg = Debug|Any CPU
		{B76F4C10-854D-4D8A-8B17-9F5EF0556D07}.Debug|Any CPU.Build.0 = Debug|Any CPU
		{B76F4C10-854D-4D8A-8B17-9F5EF0556D07}.Release|Any CPU.ActiveCfg = Release|Any CPU
		{B76F4C10-854D-4D8A-8B17-9F5EF0556D07}.Release|Any CPU.Build.0 = Release|Any CPU
		{3850DA25-1F5C-41FA-8E0D-E506E25E447C}.Debug|Any CPU.ActiveCfg = Debug|Any CPU
		{3850DA25-1F5C-41FA-8E0D-E506E25E447C}.Debug|Any CPU.Build.0 = Debug|Any CPU
		{3850DA25-1F5C-41FA-8E0D-E506E25E447C}.Release|Any CPU.ActiveCfg = Release|Any CPU
		{3850DA25-1F5C-41FA-8E0D-E506E25E447C}.Release|Any CPU.Build.0 = Release|Any CPU
		{73CE6986-805C-4E50-84EE-7FE59D0DB12B}.Debug|Any CPU.ActiveCfg = Debug|Any CPU
		{73CE6986-805C-4E50-84EE-7FE59D0DB12B}.Debug|Any CPU.Build.0 = Debug|Any CPU
		{73CE6986-805C-4E50-84EE-7FE59D0DB12B}.Release|Any CPU.ActiveCfg = Release|Any CPU
		{73CE6986-805C-4E50-84EE-7FE59D0DB12B}.Release|Any CPU.Build.0 = Release|Any CPU
		{E79EB94E-C454-41F1-8451-F0F0AF27B06B}.Debug|Any CPU.ActiveCfg = Debug|Any CPU
		{E79EB94E-C454-41F1-8451-F0F0AF27B06B}.Debug|Any CPU.Build.0 = Debug|Any CPU
		{E79EB94E-C454-41F1-8451-F0F0AF27B06B}.Release|Any CPU.ActiveCfg = Release|Any CPU
		{E79EB94E-C454-41F1-8451-F0F0AF27B06B}.Release|Any CPU.Build.0 = Release|Any CPU
		{B0E400B6-BAF8-49AE-9CD2-67D739C361EF}.Debug|Any CPU.ActiveCfg = Debug|Any CPU
		{B0E400B6-BAF8-49AE-9CD2-67D739C361EF}.Debug|Any CPU.Build.0 = Debug|Any CPU
		{B0E400B6-BAF8-49AE-9CD2-67D739C361EF}.Release|Any CPU.ActiveCfg = Release|Any CPU
		{B0E400B6-BAF8-49AE-9CD2-67D739C361EF}.Release|Any CPU.Build.0 = Release|Any CPU
		{1C102CD4-BF14-407A-B03E-8C511315A610}.Debug|Any CPU.ActiveCfg = Debug|Any CPU
		{1C102CD4-BF14-407A-B03E-8C511315A610}.Debug|Any CPU.Build.0 = Debug|Any CPU
		{1C102CD4-BF14-407A-B03E-8C511315A610}.Release|Any CPU.ActiveCfg = Release|Any CPU
		{1C102CD4-BF14-407A-B03E-8C511315A610}.Release|Any CPU.Build.0 = Release|Any CPU
	EndGlobalSection
	GlobalSection(SolutionProperties) = preSolution
		HideSolutionNode = FALSE
	EndGlobalSection
	GlobalSection(NestedProjects) = preSolution
		{26E999B1-5DF3-414A-BD51-42452CE42E19} = {3D48FEF8-551C-4C58-9B03-4481B630CFC8}
		{927B4813-02E5-4270-BE19-C7237DEB3F4E} = {3D48FEF8-551C-4C58-9B03-4481B630CFC8}
		{EB8A3BBB-6DB2-48FC-9358-C1F90EF67B90} = {3D48FEF8-551C-4C58-9B03-4481B630CFC8}
		{060770A4-BD16-4B4E-801E-531373066CD2} = {A56924EE-173A-48A9-957F-4FD2E82EE8E3}
		{E827A856-4C23-4258-A604-C9CE891FB1F7} = {A56924EE-173A-48A9-957F-4FD2E82EE8E3}
		{8A9D9CAB-9035-4EBD-8DE7-F68726FCF54A} = {A56924EE-173A-48A9-957F-4FD2E82EE8E3}
		{59DE8009-26F9-4377-8369-C8C955D04639} = {975F5547-F106-4708-A1BB-D8A08E80EF0A}
		{C54A2330-0D6D-4BDB-865D-84F607B0B582} = {CA8FD359-8E54-4ADE-8214-E001C9E8BE0E}
		{A407151C-F29B-4624-AAA2-C656E2ABBC22} = {CA8FD359-8E54-4ADE-8214-E001C9E8BE0E}
		{053BDA96-2C2A-473F-9C9F-40931B9D6B83} = {CA8FD359-8E54-4ADE-8214-E001C9E8BE0E}
		{0E92CB38-7F02-4FF7-A2D2-3A60364BA9D6} = {E99ABB13-1ECE-4942-BA26-370C3F3F6108}
		{021C2B7E-96EC-48A9-944E-81DDA4949C70} = {E99ABB13-1ECE-4942-BA26-370C3F3F6108}
		{5C65616D-23EF-408D-BE55-E395A2862E5B} = {E99ABB13-1ECE-4942-BA26-370C3F3F6108}
		{B76F4C10-854D-4D8A-8B17-9F5EF0556D07} = {52D01F24-31E6-49B9-A82E-31A741399B3B}
		{3850DA25-1F5C-41FA-8E0D-E506E25E447C} = {52D01F24-31E6-49B9-A82E-31A741399B3B}
		{73CE6986-805C-4E50-84EE-7FE59D0DB12B} = {52D01F24-31E6-49B9-A82E-31A741399B3B}
		{E79EB94E-C454-41F1-8451-F0F0AF27B06B} = {938FA0A8-0BC2-4A2F-9DFD-41DE0121D626}
		{B0E400B6-BAF8-49AE-9CD2-67D739C361EF} = {938FA0A8-0BC2-4A2F-9DFD-41DE0121D626}
		{1C102CD4-BF14-407A-B03E-8C511315A610} = {938FA0A8-0BC2-4A2F-9DFD-41DE0121D626}
	EndGlobalSection
	GlobalSection(ExtensibilityGlobals) = postSolution
		SolutionGuid = {23B29D3B-F3A1-4345-BD3F-8B0671CA94D0}
	EndGlobalSection
EndGlobal
